
Microsoft Visual Studio Solution File, Format Version 12.00
# Visual Studio 15
VisualStudioVersion = 15.0.26124.0
MinimumVisualStudioVersion = 15.0.26124.0
Project("{FAE04EC0-301F-11D3-BF4B-00C04F79EFBC}") = "Dotlib.Hash", "Dotlib.Hash\Dotlib.Hash.csproj", "{19DEAD50-AD2E-4A79-8D28-2C86B2213B95}"
EndProject
Project("{FAE04EC0-301F-11D3-BF4B-00C04F79EFBC}") = "Dotlib.Hash.Tests", "Dotlib.Hash.Tests\Dotlib.Hash.Tests.csproj", "{380DBE67-ACB8-41FB-B374-802C0541434C}"
EndProject
Global
	GlobalSection(SolutionConfigurationPlatforms) = preSolution
		Debug|Any CPU = Debug|Any CPU
		Debug|x64 = Debug|x64
		Debug|x86 = Debug|x86
		Release|Any CPU = Release|Any CPU
		Release|x64 = Release|x64
		Release|x86 = Release|x86
	EndGlobalSection
	GlobalSection(SolutionProperties) = preSolution
		HideSolutionNode = FALSE
	EndGlobalSection
	GlobalSection(ProjectConfigurationPlatforms) = postSolution
		{19DEAD50-AD2E-4A79-8D28-2C86B2213B95}.Debug|Any CPU.ActiveCfg = Debug|Any CPU
		{19DEAD50-AD2E-4A79-8D28-2C86B2213B95}.Debug|Any CPU.Build.0 = Debug|Any CPU
		{19DEAD50-AD2E-4A79-8D28-2C86B2213B95}.Debug|x64.ActiveCfg = Debug|x64
		{19DEAD50-AD2E-4A79-8D28-2C86B2213B95}.Debug|x64.Build.0 = Debug|x64
		{19DEAD50-AD2E-4A79-8D28-2C86B2213B95}.Debug|x86.ActiveCfg = Debug|x86
		{19DEAD50-AD2E-4A79-8D28-2C86B2213B95}.Debug|x86.Build.0 = Debug|x86
		{19DEAD50-AD2E-4A79-8D28-2C86B2213B95}.Release|Any CPU.ActiveCfg = Release|Any CPU
		{19DEAD50-AD2E-4A79-8D28-2C86B2213B95}.Release|Any CPU.Build.0 = Release|Any CPU
		{19DEAD50-AD2E-4A79-8D28-2C86B2213B95}.Release|x64.ActiveCfg = Release|x64
		{19DEAD50-AD2E-4A79-8D28-2C86B2213B95}.Release|x64.Build.0 = Release|x64
		{19DEAD50-AD2E-4A79-8D28-2C86B2213B95}.Release|x86.ActiveCfg = Release|x86
		{19DEAD50-AD2E-4A79-8D28-2C86B2213B95}.Release|x86.Build.0 = Release|x86
		{380DBE67-ACB8-41FB-B374-802C0541434C}.Debug|Any CPU.ActiveCfg = Debug|Any CPU
		{380DBE67-ACB8-41FB-B374-802C0541434C}.Debug|Any CPU.Build.0 = Debug|Any CPU
		{380DBE67-ACB8-41FB-B374-802C0541434C}.Debug|x64.ActiveCfg = Debug|x64
		{380DBE67-ACB8-41FB-B374-802C0541434C}.Debug|x64.Build.0 = Debug|x64
		{380DBE67-ACB8-41FB-B374-802C0541434C}.Debug|x86.ActiveCfg = Debug|x86
		{380DBE67-ACB8-41FB-B374-802C0541434C}.Debug|x86.Build.0 = Debug|x86
		{380DBE67-ACB8-41FB-B374-802C0541434C}.Release|Any CPU.ActiveCfg = Release|Any CPU
		{380DBE67-ACB8-41FB-B374-802C0541434C}.Release|Any CPU.Build.0 = Release|Any CPU
		{380DBE67-ACB8-41FB-B374-802C0541434C}.Release|x64.ActiveCfg = Release|x64
		{380DBE67-ACB8-41FB-B374-802C0541434C}.Release|x64.Build.0 = Release|x64
		{380DBE67-ACB8-41FB-B374-802C0541434C}.Release|x86.ActiveCfg = Release|x86
		{380DBE67-ACB8-41FB-B374-802C0541434C}.Release|x86.Build.0 = Release|x86
	EndGlobalSection
EndGlobal
